
Microsoft Visual Studio Solution File, Format Version 12.00
# Visual Studio 2012
Project("{FAE04EC0-301F-11D3-BF4B-00C04F79EFBC}") = "Shokudo", "Shokudo\Shokudo.csproj", "{B98EEF82-E02B-442A-BA9F-9264136E9DD8}"
EndProject
Global
	GlobalSection(SolutionConfigurationPlatforms) = preSolution
		Debug|Any CPU = Debug|Any CPU
		Release|Any CPU = Release|Any CPU
	EndGlobalSection
	GlobalSection(ProjectConfigurationPlatforms) = postSolution
		{B98EEF82-E02B-442A-BA9F-9264136E9DD8}.Debug|Any CPU.ActiveCfg = Debug|Any CPU
		{B98EEF82-E02B-442A-BA9F-9264136E9DD8}.Debug|Any CPU.Build.0 = Debug|Any CPU
		{B98EEF82-E02B-442A-BA9F-9264136E9DD8}.Release|Any CPU.ActiveCfg = Release|Any CPU
		{B98EEF82-E02B-442A-BA9F-9264136E9DD8}.Release|Any CPU.Build.0 = Release|Any CPU
	EndGlobalSection
	GlobalSection(SolutionProperties) = preSolution
		HideSolutionNode = FALSE
	EndGlobalSection
EndGlobal
